
Microsoft Visual Studio Solution File, Format Version 12.00
# Visual Studio Version 17
VisualStudioVersion = 17.3.32819.101
MinimumVisualStudioVersion = 10.0.40219.1
Project("{9A19103F-16F7-4668-BE54-9A1E7A4F7556}") = "Storage Helper", "Storage Helper.csproj", "{4A44A33F-966B-4769-BEF9-3D2FEFDDBBDF}"
EndProject
Project("{9A19103F-16F7-4668-BE54-9A1E7A4F7556}") = "DatabaseAccess", "..\DatabaseAccess\DatabaseAccess.csproj", "{9551A904-FEAC-42B7-92CA-572366E07871}"
EndProject
Project("{FAE04EC0-301F-11D3-BF4B-00C04F79EFBC}") = "Core", "..\TransferService\Core.csproj", "{283327AD-1204-43F7-B439-6D6EF5FDD423}"
EndProject
Global
	GlobalSection(SolutionConfigurationPlatforms) = preSolution
		Debug|Any CPU = Debug|Any CPU
		Release|Any CPU = Release|Any CPU
	EndGlobalSection
	GlobalSection(ProjectConfigurationPlatforms) = postSolution
		{4A44A33F-966B-4769-BEF9-3D2FEFDDBBDF}.Debug|Any CPU.ActiveCfg = Debug|Any CPU
		{4A44A33F-966B-4769-BEF9-3D2FEFDDBBDF}.Debug|Any CPU.Build.0 = Debug|Any CPU
		{4A44A33F-966B-4769-BEF9-3D2FEFDDBBDF}.Release|Any CPU.ActiveCfg = Release|Any CPU
		{4A44A33F-966B-4769-BEF9-3D2FEFDDBBDF}.Release|Any CPU.Build.0 = Release|Any CPU
		{9551A904-FEAC-42B7-92CA-572366E07871}.Debug|Any CPU.ActiveCfg = Debug|Any CPU
		{9551A904-FEAC-42B7-92CA-572366E07871}.Debug|Any CPU.Build.0 = Debug|Any CPU
		{9551A904-FEAC-42B7-92CA-572366E07871}.Release|Any CPU.ActiveCfg = Release|Any CPU
		{9551A904-FEAC-42B7-92CA-572366E07871}.Release|Any CPU.Build.0 = Release|Any CPU
		{283327AD-1204-43F7-B439-6D6EF5FDD423}.Debug|Any CPU.ActiveCfg = Debug|Any CPU
		{283327AD-1204-43F7-B439-6D6EF5FDD423}.Debug|Any CPU.Build.0 = Debug|Any CPU
		{283327AD-1204-43F7-B439-6D6EF5FDD423}.Release|Any CPU.ActiveCfg = Release|Any CPU
		{283327AD-1204-43F7-B439-6D6EF5FDD423}.Release|Any CPU.Build.0 = Release|Any CPU
	EndGlobalSection
	GlobalSection(SolutionProperties) = preSolution
		HideSolutionNode = FALSE
	EndGlobalSection
	GlobalSection(ExtensibilityGlobals) = postSolution
		SolutionGuid = {E0FAA34B-9639-483B-8065-5EAF573A65E9}
	EndGlobalSection
EndGlobal
